
Microsoft Visual Studio Solution File, Format Version 12.00
# Visual Studio 15
VisualStudioVersion = 15.0.28307.168
MinimumVisualStudioVersion = 10.0.40219.1
Project("{FAE04EC0-301F-11D3-BF4B-00C04F79EFBC}") = "KattisTableGenerator", "KattisTableGenerator\KattisTableGenerator.csproj", "{2D528974-7E98-4D74-94A4-C6B7D64F6278}"
EndProject
Global
	GlobalSection(SolutionConfigurationPlatforms) = preSolution
		Debug|Any CPU = Debug|Any CPU
		Release|Any CPU = Release|Any CPU
	EndGlobalSection
	GlobalSection(ProjectConfigurationPlatforms) = postSolution
		{2D528974-7E98-4D74-94A4-C6B7D64F6278}.Debug|Any CPU.ActiveCfg = Debug|Any CPU
		{2D528974-7E98-4D74-94A4-C6B7D64F6278}.Debug|Any CPU.Build.0 = Debug|Any CPU
		{2D528974-7E98-4D74-94A4-C6B7D64F6278}.Release|Any CPU.ActiveCfg = Release|Any CPU
		{2D528974-7E98-4D74-94A4-C6B7D64F6278}.Release|Any CPU.Build.0 = Release|Any CPU
	EndGlobalSection
	GlobalSection(SolutionProperties) = preSolution
		HideSolutionNode = FALSE
	EndGlobalSection
	GlobalSection(ExtensibilityGlobals) = postSolution
		SolutionGuid = {5A9E4F74-E26D-43E7-8A07-E9484104F938}
	EndGlobalSection
EndGlobal
